
Microsoft Visual Studio Solution File, Format Version 12.00
# Visual Studio Version 16
VisualStudioVersion = 16.0.31515.178
MinimumVisualStudioVersion = 10.0.40219.1
Project("{9A19103F-16F7-4668-BE54-9A1E7A4F7556}") = "JPVocabularyManager", "JPVocabularyManager.csproj", "{DF2B69B2-B9DB-4272-8384-8FFA7CFA7A01}"
EndProject
Project("{9A19103F-16F7-4668-BE54-9A1E7A4F7556}") = "ScriptExecutor", "..\ScriptExecutor\ScriptExecutor.csproj", "{32428A6A-C91B-42B1-9B98-88A5FF5B1ABC}"
EndProject
Project("{FAE04EC0-301F-11D3-BF4B-00C04F79EFBC}") = "ExcelParser", "..\ExcelParser\ExcelParser.csproj", "{EED3601F-6D7C-4D8C-9DDD-D541FE46AA98}"
EndProject
Project("{9A19103F-16F7-4668-BE54-9A1E7A4F7556}") = "KanjiSheetHandler", "..\KanjiSheetHandler\KanjiSheetHandler.csproj", "{06C1C4F0-8542-4A52-AFF7-5B17F199F6AC}"
EndProject
Project("{9A19103F-16F7-4668-BE54-9A1E7A4F7556}") = "DatabaseHandler", "..\DatabaseHandler\DatabaseHandler.csproj", "{BDECC732-986C-49A4-9920-4A6D6A50E7C3}"
EndProject
Project("{FAE04EC0-301F-11D3-BF4B-00C04F79EFBC}") = "WebScraper", "..\WebScraper\WebScraper.csproj", "{4BB2ACEA-4597-43B6-9EA9-5E7A439B3133}"
EndProject
Global
	GlobalSection(SolutionConfigurationPlatforms) = preSolution
		Debug|Any CPU = Debug|Any CPU
		Release|Any CPU = Release|Any CPU
	EndGlobalSection
	GlobalSection(ProjectConfigurationPlatforms) = postSolution
		{DF2B69B2-B9DB-4272-8384-8FFA7CFA7A01}.Debug|Any CPU.ActiveCfg = Debug|Any CPU
		{DF2B69B2-B9DB-4272-8384-8FFA7CFA7A01}.Debug|Any CPU.Build.0 = Debug|Any CPU
		{DF2B69B2-B9DB-4272-8384-8FFA7CFA7A01}.Release|Any CPU.ActiveCfg = Release|Any CPU
		{DF2B69B2-B9DB-4272-8384-8FFA7CFA7A01}.Release|Any CPU.Build.0 = Release|Any CPU
		{32428A6A-C91B-42B1-9B98-88A5FF5B1ABC}.Debug|Any CPU.ActiveCfg = Debug|Any CPU
		{32428A6A-C91B-42B1-9B98-88A5FF5B1ABC}.Debug|Any CPU.Build.0 = Debug|Any CPU
		{32428A6A-C91B-42B1-9B98-88A5FF5B1ABC}.Release|Any CPU.ActiveCfg = Release|Any CPU
		{32428A6A-C91B-42B1-9B98-88A5FF5B1ABC}.Release|Any CPU.Build.0 = Release|Any CPU
		{EED3601F-6D7C-4D8C-9DDD-D541FE46AA98}.Debug|Any CPU.ActiveCfg = Debug|Any CPU
		{EED3601F-6D7C-4D8C-9DDD-D541FE46AA98}.Debug|Any CPU.Build.0 = Debug|Any CPU
		{EED3601F-6D7C-4D8C-9DDD-D541FE46AA98}.Release|Any CPU.ActiveCfg = Release|Any CPU
		{EED3601F-6D7C-4D8C-9DDD-D541FE46AA98}.Release|Any CPU.Build.0 = Release|Any CPU
		{06C1C4F0-8542-4A52-AFF7-5B17F199F6AC}.Debug|Any CPU.ActiveCfg = Debug|Any CPU
		{06C1C4F0-8542-4A52-AFF7-5B17F199F6AC}.Debug|Any CPU.Build.0 = Debug|Any CPU
		{06C1C4F0-8542-4A52-AFF7-5B17F199F6AC}.Release|Any CPU.ActiveCfg = Release|Any CPU
		{06C1C4F0-8542-4A52-AFF7-5B17F199F6AC}.Release|Any CPU.Build.0 = Release|Any CPU
		{BDECC732-986C-49A4-9920-4A6D6A50E7C3}.Debug|Any CPU.ActiveCfg = Debug|Any CPU
		{BDECC732-986C-49A4-9920-4A6D6A50E7C3}.Debug|Any CPU.Build.0 = Debug|Any CPU
		{BDECC732-986C-49A4-9920-4A6D6A50E7C3}.Release|Any CPU.ActiveCfg = Release|Any CPU
		{BDECC732-986C-49A4-9920-4A6D6A50E7C3}.Release|Any CPU.Build.0 = Release|Any CPU
		{4BB2ACEA-4597-43B6-9EA9-5E7A439B3133}.Debug|Any CPU.ActiveCfg = Debug|Any CPU
		{4BB2ACEA-4597-43B6-9EA9-5E7A439B3133}.Debug|Any CPU.Build.0 = Debug|Any CPU
		{4BB2ACEA-4597-43B6-9EA9-5E7A439B3133}.Release|Any CPU.ActiveCfg = Release|Any CPU
		{4BB2ACEA-4597-43B6-9EA9-5E7A439B3133}.Release|Any CPU.Build.0 = Release|Any CPU
	EndGlobalSection
	GlobalSection(SolutionProperties) = preSolution
		HideSolutionNode = FALSE
	EndGlobalSection
	GlobalSection(ExtensibilityGlobals) = postSolution
		SolutionGuid = {86115CD8-0498-4FB9-8DC3-C6DC226CC529}
	EndGlobalSection
EndGlobal
